
Microsoft Visual Studio Solution File, Format Version 12.00
# Visual Studio Version 17
VisualStudioVersion = 17.14.36429.23 d17.14
MinimumVisualStudioVersion = 10.0.40219.1
Project("{2150E333-8FDC-42A3-9474-1A3956D46DE8}") = "Task0", "Task0", "{36D591C7-65C7-A0D1-1CBC-10CDE441BDC8}"
EndProject
Project("{FAE04EC0-301F-11D3-BF4B-00C04F79EFBC}") = "Tyuiu.TsvetkovRA.Sprint3.Task0.V4", "Tyuiu.TsvetkovRA.Sprint3.Task0.V4\Tyuiu.TsvetkovRA.Sprint3.Task0.V4.csproj", "{97451CE4-6BC6-4825-91BB-7CBCEDF14E7F}"
EndProject
Project("{FAE04EC0-301F-11D3-BF4B-00C04F79EFBC}") = "Tyuiu.TsvetkovRA.Sprint3.Task0.V4.Test", "Tyuiu.TsvetkovRA.Sprint3.Task0.V4.Test\Tyuiu.TsvetkovRA.Sprint3.Task0.V4.Test.csproj", "{687DC524-6CD6-40B2-87F8-39B04B293C86}"
EndProject
Project("{FAE04EC0-301F-11D3-BF4B-00C04F79EFBC}") = "Tyuiu.TsvetkovRA.Sprint3.Task0.V4.Lib", "Tyuiu.TsvetkovRA.Sprint3.Task0.V4.Lib\Tyuiu.TsvetkovRA.Sprint3.Task0.V4.Lib.csproj", "{B1C7CEC0-9C39-4B18-BF29-3D08FA6D7EEC}"
EndProject
Project("{2150E333-8FDC-42A3-9474-1A3956D46DE8}") = "Task1", "Task1", "{FF7FC8D4-5BA6-413E-A284-7BEC386D097F}"
EndProject
Project("{FAE04EC0-301F-11D3-BF4B-00C04F79EFBC}") = "Tyuiu.TsvetkovRA.Sprint3.Task1.V8", "Tyuiu.TsvetkovRA.Sprint3.Task1.V8\Tyuiu.TsvetkovRA.Sprint3.Task1.V8.csproj", "{46044BBD-4F3F-4825-A995-6792351A6580}"
EndProject
Project("{FAE04EC0-301F-11D3-BF4B-00C04F79EFBC}") = "Tyuiu.TsvetkovRA.Sprint3.Task1.V8.Lib", "Tyuiu.TsvetkovRA.Sprint3.Task1.V8.Lib\Tyuiu.TsvetkovRA.Sprint3.Task1.V8.Lib.csproj", "{F49218CF-FAD2-41C3-A9F6-E902E2B49105}"
EndProject
Project("{FAE04EC0-301F-11D3-BF4B-00C04F79EFBC}") = "Tyuiu.TsvetkovRA.Sprint3.Task1.V8.Test", "Tyuiu.TsvetkovRA.Sprint3.Task1.V8.Test\Tyuiu.TsvetkovRA.Sprint3.Task1.V8.Test.csproj", "{0B085714-F267-4149-AA0E-6335EDAF06FF}"
EndProject
Project("{2150E333-8FDC-42A3-9474-1A3956D46DE8}") = "Task2", "Task2", "{62A52772-B197-4074-8BC5-E667F15A8723}"
EndProject
Project("{FAE04EC0-301F-11D3-BF4B-00C04F79EFBC}") = "Tyuiu.TsvetkovRA.Sprint3.Task2.V4", "Tyuiu.TsvetkovRA.Sprint3.Task2.V4\Tyuiu.TsvetkovRA.Sprint3.Task2.V4.csproj", "{A96DCDFB-861D-43BA-9865-CB25A884430D}"
EndProject
Project("{FAE04EC0-301F-11D3-BF4B-00C04F79EFBC}") = "Tyuiu.TsvetkovRA.Sprint3.Task2.V4.Test", "Tyuiu.TsvetkovRA.Sprint3.Task2.V4.Test\Tyuiu.TsvetkovRA.Sprint3.Task2.V4.Test.csproj", "{CCD1D583-40D1-41F5-8D96-76040E76693E}"
EndProject
Project("{FAE04EC0-301F-11D3-BF4B-00C04F79EFBC}") = "Tyuiu.TsvetkovRA.Sprint3.Task2.V4.Lib", "Tyuiu.TsvetkovRA.Sprint3.Task2.V4.Lib\Tyuiu.TsvetkovRA.Sprint3.Task2.V4.Lib.csproj", "{4350FE5D-BA83-4916-AB1A-4CC6D92B45D9}"
EndProject
Project("{2150E333-8FDC-42A3-9474-1A3956D46DE8}") = "Task3", "Task3", "{D8B411D1-EE40-4577-B4BA-5F610267B91C}"
EndProject
Project("{FAE04EC0-301F-11D3-BF4B-00C04F79EFBC}") = "Tyuiu.TsvetkovRA.Sprint3.Task3.V28", "Tyuiu.TsvetkovRA.Sprint3.Task3.V28\Tyuiu.TsvetkovRA.Sprint3.Task3.V28.csproj", "{B68FD62E-5B00-4F2B-B7F4-A4B9BE1578AF}"
EndProject
Project("{FAE04EC0-301F-11D3-BF4B-00C04F79EFBC}") = "Tyuiu.TsvetkovRA.Sprint3.Task3.V28.Lib", "Tyuiu.TsvetkovRA.Sprint3.Task3.V28.Lib\Tyuiu.TsvetkovRA.Sprint3.Task3.V28.Lib.csproj", "{CB9A0438-3066-4CE8-B8CF-4F1BA1B777E5}"
EndProject
Project("{FAE04EC0-301F-11D3-BF4B-00C04F79EFBC}") = "Tyuiu.TsvetkovRA.Sprint3.Task3.V28.Test", "Tyuiu.TsvetkovRA.Sprint3.Task3.V28.Test\Tyuiu.TsvetkovRA.Sprint3.Task3.V28.Test.csproj", "{E787FB07-56A7-4DDE-8EB6-6F5DE74960F4}"
EndProject
Global
	GlobalSection(SolutionConfigurationPlatforms) = preSolution
		Debug|Any CPU = Debug|Any CPU
		Release|Any CPU = Release|Any CPU
	EndGlobalSection
	GlobalSection(ProjectConfigurationPlatforms) = postSolution
		{97451CE4-6BC6-4825-91BB-7CBCEDF14E7F}.Debug|Any CPU.ActiveCfg = Debug|Any CPU
		{97451CE4-6BC6-4825-91BB-7CBCEDF14E7F}.Debug|Any CPU.Build.0 = Debug|Any CPU
		{97451CE4-6BC6-4825-91BB-7CBCEDF14E7F}.Release|Any CPU.ActiveCfg = Release|Any CPU
		{97451CE4-6BC6-4825-91BB-7CBCEDF14E7F}.Release|Any CPU.Build.0 = Release|Any CPU
		{687DC524-6CD6-40B2-87F8-39B04B293C86}.Debug|Any CPU.ActiveCfg = Debug|Any CPU
		{687DC524-6CD6-40B2-87F8-39B04B293C86}.Debug|Any CPU.Build.0 = Debug|Any CPU
		{687DC524-6CD6-40B2-87F8-39B04B293C86}.Release|Any CPU.ActiveCfg = Release|Any CPU
		{687DC524-6CD6-40B2-87F8-39B04B293C86}.Release|Any CPU.Build.0 = Release|Any CPU
		{B1C7CEC0-9C39-4B18-BF29-3D08FA6D7EEC}.Debug|Any CPU.ActiveCfg = Debug|Any CPU
		{B1C7CEC0-9C39-4B18-BF29-3D08FA6D7EEC}.Debug|Any CPU.Build.0 = Debug|Any CPU
		{B1C7CEC0-9C39-4B18-BF29-3D08FA6D7EEC}.Release|Any CPU.ActiveCfg = Release|Any CPU
		{B1C7CEC0-9C39-4B18-BF29-3D08FA6D7EEC}.Release|Any CPU.Build.0 = Release|Any CPU
		{46044BBD-4F3F-4825-A995-6792351A6580}.Debug|Any CPU.ActiveCfg = Debug|Any CPU
		{46044BBD-4F3F-4825-A995-6792351A6580}.Debug|Any CPU.Build.0 = Debug|Any CPU
		{46044BBD-4F3F-4825-A995-6792351A6580}.Release|Any CPU.ActiveCfg = Release|Any CPU
		{46044BBD-4F3F-4825-A995-6792351A6580}.Release|Any CPU.Build.0 = Release|Any CPU
		{F49218CF-FAD2-41C3-A9F6-E902E2B49105}.Debug|Any CPU.ActiveCfg = Debug|Any CPU
		{F49218CF-FAD2-41C3-A9F6-E902E2B49105}.Debug|Any CPU.Build.0 = Debug|Any CPU
		{F49218CF-FAD2-41C3-A9F6-E902E2B49105}.Release|Any CPU.ActiveCfg = Release|Any CPU
		{F49218CF-FAD2-41C3-A9F6-E902E2B49105}.Release|Any CPU.Build.0 = Release|Any CPU
		{0B085714-F267-4149-AA0E-6335EDAF06FF}.Debug|Any CPU.ActiveCfg = Debug|Any CPU
		{0B085714-F267-4149-AA0E-6335EDAF06FF}.Debug|Any CPU.Build.0 = Debug|Any CPU
		{0B085714-F267-4149-AA0E-6335EDAF06FF}.Release|Any CPU.ActiveCfg = Release|Any CPU
		{0B085714-F267-4149-AA0E-6335EDAF06FF}.Release|Any CPU.Build.0 = Release|Any CPU
		{A96DCDFB-861D-43BA-9865-CB25A884430D}.Debug|Any CPU.ActiveCfg = Debug|Any CPU
		{A96DCDFB-861D-43BA-9865-CB25A884430D}.Debug|Any CPU.Build.0 = Debug|Any CPU
		{A96DCDFB-861D-43BA-9865-CB25A884430D}.Release|Any CPU.ActiveCfg = Release|Any CPU
		{A96DCDFB-861D-43BA-9865-CB25A884430D}.Release|Any CPU.Build.0 = Release|Any CPU
		{CCD1D583-40D1-41F5-8D96-76040E76693E}.Debug|Any CPU.ActiveCfg = Debug|Any CPU
		{CCD1D583-40D1-41F5-8D96-76040E76693E}.Debug|Any CPU.Build.0 = Debug|Any CPU
		{CCD1D583-40D1-41F5-8D96-76040E76693E}.Release|Any CPU.ActiveCfg = Release|Any CPU
		{CCD1D583-40D1-41F5-8D96-76040E76693E}.Release|Any CPU.Build.0 = Release|Any CPU
		{4350FE5D-BA83-4916-AB1A-4CC6D92B45D9}.Debug|Any CPU.ActiveCfg = Debug|Any CPU
		{4350FE5D-BA83-4916-AB1A-4CC6D92B45D9}.Debug|Any CPU.Build.0 = Debug|Any CPU
		{4350FE5D-BA83-4916-AB1A-4CC6D92B45D9}.Release|Any CPU.ActiveCfg = Release|Any CPU
		{4350FE5D-BA83-4916-AB1A-4CC6D92B45D9}.Release|Any CPU.Build.0 = Release|Any CPU
		{B68FD62E-5B00-4F2B-B7F4-A4B9BE1578AF}.Debug|Any CPU.ActiveCfg = Debug|Any CPU
		{B68FD62E-5B00-4F2B-B7F4-A4B9BE1578AF}.Debug|Any CPU.Build.0 = Debug|Any CPU
		{B68FD62E-5B00-4F2B-B7F4-A4B9BE1578AF}.Release|Any CPU.ActiveCfg = Release|Any CPU
		{B68FD62E-5B00-4F2B-B7F4-A4B9BE1578AF}.Release|Any CPU.Build.0 = Release|Any CPU
		{CB9A0438-3066-4CE8-B8CF-4F1BA1B777E5}.Debug|Any CPU.ActiveCfg = Debug|Any CPU
		{CB9A0438-3066-4CE8-B8CF-4F1BA1B777E5}.Debug|Any CPU.Build.0 = Debug|Any CPU
		{CB9A0438-3066-4CE8-B8CF-4F1BA1B777E5}.Release|Any CPU.ActiveCfg = Release|Any CPU
		{CB9A0438-3066-4CE8-B8CF-4F1BA1B777E5}.Release|Any CPU.Build.0 = Release|Any CPU
		{E787FB07-56A7-4DDE-8EB6-6F5DE74960F4}.Debug|Any CPU.ActiveCfg = Debug|Any CPU
		{E787FB07-56A7-4DDE-8EB6-6F5DE74960F4}.Debug|Any CPU.Build.0 = Debug|Any CPU
		{E787FB07-56A7-4DDE-8EB6-6F5DE74960F4}.Release|Any CPU.ActiveCfg = Release|Any CPU
		{E787FB07-56A7-4DDE-8EB6-6F5DE74960F4}.Release|Any CPU.Build.0 = Release|Any CPU
	EndGlobalSection
	GlobalSection(SolutionProperties) = preSolution
		HideSolutionNode = FALSE
	EndGlobalSection
	GlobalSection(NestedProjects) = preSolution
		{97451CE4-6BC6-4825-91BB-7CBCEDF14E7F} = {36D591C7-65C7-A0D1-1CBC-10CDE441BDC8}
		{687DC524-6CD6-40B2-87F8-39B04B293C86} = {36D591C7-65C7-A0D1-1CBC-10CDE441BDC8}
		{B1C7CEC0-9C39-4B18-BF29-3D08FA6D7EEC} = {36D591C7-65C7-A0D1-1CBC-10CDE441BDC8}
		{46044BBD-4F3F-4825-A995-6792351A6580} = {FF7FC8D4-5BA6-413E-A284-7BEC386D097F}
		{F49218CF-FAD2-41C3-A9F6-E902E2B49105} = {FF7FC8D4-5BA6-413E-A284-7BEC386D097F}
		{0B085714-F267-4149-AA0E-6335EDAF06FF} = {FF7FC8D4-5BA6-413E-A284-7BEC386D097F}
		{A96DCDFB-861D-43BA-9865-CB25A884430D} = {62A52772-B197-4074-8BC5-E667F15A8723}
		{CCD1D583-40D1-41F5-8D96-76040E76693E} = {62A52772-B197-4074-8BC5-E667F15A8723}
		{4350FE5D-BA83-4916-AB1A-4CC6D92B45D9} = {62A52772-B197-4074-8BC5-E667F15A8723}
		{B68FD62E-5B00-4F2B-B7F4-A4B9BE1578AF} = {D8B411D1-EE40-4577-B4BA-5F610267B91C}
		{CB9A0438-3066-4CE8-B8CF-4F1BA1B777E5} = {D8B411D1-EE40-4577-B4BA-5F610267B91C}
		{E787FB07-56A7-4DDE-8EB6-6F5DE74960F4} = {D8B411D1-EE40-4577-B4BA-5F610267B91C}
	EndGlobalSection
	GlobalSection(ExtensibilityGlobals) = postSolution
		SolutionGuid = {CDDB29B7-DA13-441C-A465-D02692C0EBF6}
	EndGlobalSection
EndGlobal
